
Microsoft Visual Studio Solution File, Format Version 12.00
# Visual Studio Version 16
VisualStudioVersion = 16.0.31410.357
MinimumVisualStudioVersion = 10.0.40219.1
Project("{2150E333-8FDC-42A3-9474-1A3956D46DE8}") = "Cafe", "Cafe", "{3A09A326-FED6-440D-A9C2-845373589618}"
EndProject
Project("{2150E333-8FDC-42A3-9474-1A3956D46DE8}") = "Claims", "Claims", "{270FA8AB-3777-4A43-AB40-E747DA699C95}"
EndProject
Project("{2150E333-8FDC-42A3-9474-1A3956D46DE8}") = "Badges", "Badges", "{D298FD9F-D1B5-49D7-A215-4C0D7C95B9B5}"
EndProject
Project("{FAE04EC0-301F-11D3-BF4B-00C04F79EFBC}") = "BadgesUnitTest", "BadgesUnitTest\BadgesUnitTest.csproj", "{E392176E-C31C-461D-A984-03A3AD764048}"
EndProject
Project("{FAE04EC0-301F-11D3-BF4B-00C04F79EFBC}") = "BadgesUI", "BadgesUI\BadgesUI.csproj", "{40940DB6-7B12-4131-8642-EC104A4A6ACD}"
EndProject
Project("{FAE04EC0-301F-11D3-BF4B-00C04F79EFBC}") = "BadgesPOCO", "BadgesPOCO\BadgesPOCO.csproj", "{542D77B2-741A-4611-96F2-480D8336089E}"
EndProject
Project("{FAE04EC0-301F-11D3-BF4B-00C04F79EFBC}") = "BadgesRepo", "BadgesRepo\BadgesRepo.csproj", "{4934103B-C679-45B7-B8F5-1D9EA22FE064}"
EndProject
Project("{FAE04EC0-301F-11D3-BF4B-00C04F79EFBC}") = "CafeUI", "CafeUI\CafeUI.csproj", "{4C711776-B58D-46A2-92A8-94CD80CFF63F}"
EndProject
Project("{FAE04EC0-301F-11D3-BF4B-00C04F79EFBC}") = "CafePOCO", "CafePOCO\CafePOCO.csproj", "{14B81B7B-7126-45A8-820B-4F5FF607B00D}"
EndProject
Project("{FAE04EC0-301F-11D3-BF4B-00C04F79EFBC}") = "CafeRepo", "CafeRepo\CafeRepo.csproj", "{3C943AB7-3EBB-42CA-858F-B8F510EC09B5}"
EndProject
Project("{FAE04EC0-301F-11D3-BF4B-00C04F79EFBC}") = "CafeUnitTest", "CafeUnitTest\CafeUnitTest.csproj", "{67E24645-0262-4EAB-89A5-DA0C9965AFB9}"
EndProject
Project("{FAE04EC0-301F-11D3-BF4B-00C04F79EFBC}") = "ClaimsUI", "ClaimsUI\ClaimsUI.csproj", "{A7A96655-8C5A-4F90-BAAE-D5C31638EA9B}"
EndProject
Project("{FAE04EC0-301F-11D3-BF4B-00C04F79EFBC}") = "ClaimsPOCO", "ClaimsPOCO\ClaimsPOCO.csproj", "{C440E433-B426-42E3-9CA7-D562198EF77C}"
EndProject
Project("{FAE04EC0-301F-11D3-BF4B-00C04F79EFBC}") = "ClaimsRepo", "ClaimsRepo\ClaimsRepo.csproj", "{7F0B7AEE-8CF0-4C3D-819F-DBFA71D04846}"
EndProject
Project("{FAE04EC0-301F-11D3-BF4B-00C04F79EFBC}") = "ClaimsUnitTest", "ClaimsUnitTest\ClaimsUnitTest.csproj", "{9C3CFD23-7C49-4D07-9386-F094F5BB2C4D}"
EndProject
Global
	GlobalSection(SolutionConfigurationPlatforms) = preSolution
		Debug|Any CPU = Debug|Any CPU
		Release|Any CPU = Release|Any CPU
	EndGlobalSection
	GlobalSection(ProjectConfigurationPlatforms) = postSolution
		{E392176E-C31C-461D-A984-03A3AD764048}.Debug|Any CPU.ActiveCfg = Debug|Any CPU
		{E392176E-C31C-461D-A984-03A3AD764048}.Debug|Any CPU.Build.0 = Debug|Any CPU
		{E392176E-C31C-461D-A984-03A3AD764048}.Release|Any CPU.ActiveCfg = Release|Any CPU
		{E392176E-C31C-461D-A984-03A3AD764048}.Release|Any CPU.Build.0 = Release|Any CPU
		{40940DB6-7B12-4131-8642-EC104A4A6ACD}.Debug|Any CPU.ActiveCfg = Debug|Any CPU
		{40940DB6-7B12-4131-8642-EC104A4A6ACD}.Debug|Any CPU.Build.0 = Debug|Any CPU
		{40940DB6-7B12-4131-8642-EC104A4A6ACD}.Release|Any CPU.ActiveCfg = Release|Any CPU
		{40940DB6-7B12-4131-8642-EC104A4A6ACD}.Release|Any CPU.Build.0 = Release|Any CPU
		{542D77B2-741A-4611-96F2-480D8336089E}.Debug|Any CPU.ActiveCfg = Debug|Any CPU
		{542D77B2-741A-4611-96F2-480D8336089E}.Debug|Any CPU.Build.0 = Debug|Any CPU
		{542D77B2-741A-4611-96F2-480D8336089E}.Release|Any CPU.ActiveCfg = Release|Any CPU
		{542D77B2-741A-4611-96F2-480D8336089E}.Release|Any CPU.Build.0 = Release|Any CPU
		{4934103B-C679-45B7-B8F5-1D9EA22FE064}.Debug|Any CPU.ActiveCfg = Debug|Any CPU
		{4934103B-C679-45B7-B8F5-1D9EA22FE064}.Debug|Any CPU.Build.0 = Debug|Any CPU
		{4934103B-C679-45B7-B8F5-1D9EA22FE064}.Release|Any CPU.ActiveCfg = Release|Any CPU
		{4934103B-C679-45B7-B8F5-1D9EA22FE064}.Release|Any CPU.Build.0 = Release|Any CPU
		{4C711776-B58D-46A2-92A8-94CD80CFF63F}.Debug|Any CPU.ActiveCfg = Debug|Any CPU
		{4C711776-B58D-46A2-92A8-94CD80CFF63F}.Debug|Any CPU.Build.0 = Debug|Any CPU
		{4C711776-B58D-46A2-92A8-94CD80CFF63F}.Release|Any CPU.ActiveCfg = Release|Any CPU
		{4C711776-B58D-46A2-92A8-94CD80CFF63F}.Release|Any CPU.Build.0 = Release|Any CPU
		{14B81B7B-7126-45A8-820B-4F5FF607B00D}.Debug|Any CPU.ActiveCfg = Debug|Any CPU
		{14B81B7B-7126-45A8-820B-4F5FF607B00D}.Debug|Any CPU.Build.0 = Debug|Any CPU
		{14B81B7B-7126-45A8-820B-4F5FF607B00D}.Release|Any CPU.ActiveCfg = Release|Any CPU
		{14B81B7B-7126-45A8-820B-4F5FF607B00D}.Release|Any CPU.Build.0 = Release|Any CPU
		{3C943AB7-3EBB-42CA-858F-B8F510EC09B5}.Debug|Any CPU.ActiveCfg = Debug|Any CPU
		{3C943AB7-3EBB-42CA-858F-B8F510EC09B5}.Debug|Any CPU.Build.0 = Debug|Any CPU
		{3C943AB7-3EBB-42CA-858F-B8F510EC09B5}.Release|Any CPU.ActiveCfg = Release|Any CPU
		{3C943AB7-3EBB-42CA-858F-B8F510EC09B5}.Release|Any CPU.Build.0 = Release|Any CPU
		{67E24645-0262-4EAB-89A5-DA0C9965AFB9}.Debug|Any CPU.ActiveCfg = Debug|Any CPU
		{67E24645-0262-4EAB-89A5-DA0C9965AFB9}.Debug|Any CPU.Build.0 = Debug|Any CPU
		{67E24645-0262-4EAB-89A5-DA0C9965AFB9}.Release|Any CPU.ActiveCfg = Release|Any CPU
		{67E24645-0262-4EAB-89A5-DA0C9965AFB9}.Release|Any CPU.Build.0 = Release|Any CPU
		{A7A96655-8C5A-4F90-BAAE-D5C31638EA9B}.Debug|Any CPU.ActiveCfg = Debug|Any CPU
		{A7A96655-8C5A-4F90-BAAE-D5C31638EA9B}.Debug|Any CPU.Build.0 = Debug|Any CPU
		{A7A96655-8C5A-4F90-BAAE-D5C31638EA9B}.Release|Any CPU.ActiveCfg = Release|Any CPU
		{A7A96655-8C5A-4F90-BAAE-D5C31638EA9B}.Release|Any CPU.Build.0 = Release|Any CPU
		{C440E433-B426-42E3-9CA7-D562198EF77C}.Debug|Any CPU.ActiveCfg = Debug|Any CPU
		{C440E433-B426-42E3-9CA7-D562198EF77C}.Debug|Any CPU.Build.0 = Debug|Any CPU
		{C440E433-B426-42E3-9CA7-D562198EF77C}.Release|Any CPU.ActiveCfg = Release|Any CPU
		{C440E433-B426-42E3-9CA7-D562198EF77C}.Release|Any CPU.Build.0 = Release|Any CPU
		{7F0B7AEE-8CF0-4C3D-819F-DBFA71D04846}.Debug|Any CPU.ActiveCfg = Debug|Any CPU
		{7F0B7AEE-8CF0-4C3D-819F-DBFA71D04846}.Debug|Any CPU.Build.0 = Debug|Any CPU
		{7F0B7AEE-8CF0-4C3D-819F-DBFA71D04846}.Release|Any CPU.ActiveCfg = Release|Any CPU
		{7F0B7AEE-8CF0-4C3D-819F-DBFA71D04846}.Release|Any CPU.Build.0 = Release|Any CPU
		{9C3CFD23-7C49-4D07-9386-F094F5BB2C4D}.Debug|Any CPU.ActiveCfg = Debug|Any CPU
		{9C3CFD23-7C49-4D07-9386-F094F5BB2C4D}.Debug|Any CPU.Build.0 = Debug|Any CPU
		{9C3CFD23-7C49-4D07-9386-F094F5BB2C4D}.Release|Any CPU.ActiveCfg = Release|Any CPU
		{9C3CFD23-7C49-4D07-9386-F094F5BB2C4D}.Release|Any CPU.Build.0 = Release|Any CPU
	EndGlobalSection
	GlobalSection(SolutionProperties) = preSolution
		HideSolutionNode = FALSE
	EndGlobalSection
	GlobalSection(NestedProjects) = preSolution
		{E392176E-C31C-461D-A984-03A3AD764048} = {D298FD9F-D1B5-49D7-A215-4C0D7C95B9B5}
		{40940DB6-7B12-4131-8642-EC104A4A6ACD} = {D298FD9F-D1B5-49D7-A215-4C0D7C95B9B5}
		{542D77B2-741A-4611-96F2-480D8336089E} = {D298FD9F-D1B5-49D7-A215-4C0D7C95B9B5}
		{4934103B-C679-45B7-B8F5-1D9EA22FE064} = {D298FD9F-D1B5-49D7-A215-4C0D7C95B9B5}
		{4C711776-B58D-46A2-92A8-94CD80CFF63F} = {3A09A326-FED6-440D-A9C2-845373589618}
		{14B81B7B-7126-45A8-820B-4F5FF607B00D} = {3A09A326-FED6-440D-A9C2-845373589618}
		{3C943AB7-3EBB-42CA-858F-B8F510EC09B5} = {3A09A326-FED6-440D-A9C2-845373589618}
		{67E24645-0262-4EAB-89A5-DA0C9965AFB9} = {3A09A326-FED6-440D-A9C2-845373589618}
		{A7A96655-8C5A-4F90-BAAE-D5C31638EA9B} = {270FA8AB-3777-4A43-AB40-E747DA699C95}
		{C440E433-B426-42E3-9CA7-D562198EF77C} = {270FA8AB-3777-4A43-AB40-E747DA699C95}
		{7F0B7AEE-8CF0-4C3D-819F-DBFA71D04846} = {270FA8AB-3777-4A43-AB40-E747DA699C95}
		{9C3CFD23-7C49-4D07-9386-F094F5BB2C4D} = {270FA8AB-3777-4A43-AB40-E747DA699C95}
	EndGlobalSection
	GlobalSection(ExtensibilityGlobals) = postSolution
		SolutionGuid = {C34A0D40-EFF1-4003-997A-640DAFA44233}
	EndGlobalSection
EndGlobal
